
Microsoft Visual Studio Solution File, Format Version 12.00
# Visual Studio Version 17
VisualStudioVersion = 17.14.36511.14 d17.14
MinimumVisualStudioVersion = 10.0.40219.1
Project("{2150E333-8FDC-42A3-9474-1A3956D46DE8}") = "Clients", "Clients", "{02EA681E-C7D8-13C7-8484-4AC65E1B71E8}"
EndProject
Project("{FAE04EC0-301F-11D3-BF4B-00C04F79EFBC}") = "OpenAPI", "OpenAPI\OpenAPI.csproj", "{2238D5FE-F5F2-4587-BA19-5205D6EC3682}"
EndProject
Project("{FAE04EC0-301F-11D3-BF4B-00C04F79EFBC}") = "Kiota", "Kiota\Kiota.csproj", "{61E41C6D-A936-433C-BE36-F6A18268878D}"
EndProject
Project("{FAE04EC0-301F-11D3-BF4B-00C04F79EFBC}") = "Refitter", "Refitter\Refitter.csproj", "{09E7740C-E66C-4FB5-B51D-F519B0639D0E}"
EndProject
Project("{2150E333-8FDC-42A3-9474-1A3956D46DE8}") = "Servers", "Servers", "{978A954C-62BE-4A76-8F70-D211CF83E53E}"
EndProject
Project("{54A90642-561A-4BB1-A94E-469ADEE60C69}") = "Typescript", "Typescript\Typescript.esproj", "{2B084264-515B-A99E-DE6B-3D582F282D90}"
EndProject
Project("{FAE04EC0-301F-11D3-BF4B-00C04F79EFBC}") = "TopstepTSServer", "TopstepTSServer\TopstepTSServer.csproj", "{704ACBDE-4B6B-48C8-B4C8-2538BF7F7284}"
EndProject
Project("{FAE04EC0-301F-11D3-BF4B-00C04F79EFBC}") = "TopstepCSServer", "TopstepCSServer\TopstepCSServer.csproj", "{1F8203D7-9ACF-4987-9AB9-CEF833DC2E44}"
EndProject
Global
	GlobalSection(SolutionConfigurationPlatforms) = preSolution
		Debug|Any CPU = Debug|Any CPU
		Release|Any CPU = Release|Any CPU
	EndGlobalSection
	GlobalSection(ProjectConfigurationPlatforms) = postSolution
		{2238D5FE-F5F2-4587-BA19-5205D6EC3682}.Debug|Any CPU.ActiveCfg = Debug|Any CPU
		{2238D5FE-F5F2-4587-BA19-5205D6EC3682}.Debug|Any CPU.Build.0 = Debug|Any CPU
		{2238D5FE-F5F2-4587-BA19-5205D6EC3682}.Release|Any CPU.ActiveCfg = Release|Any CPU
		{2238D5FE-F5F2-4587-BA19-5205D6EC3682}.Release|Any CPU.Build.0 = Release|Any CPU
		{61E41C6D-A936-433C-BE36-F6A18268878D}.Debug|Any CPU.ActiveCfg = Debug|Any CPU
		{61E41C6D-A936-433C-BE36-F6A18268878D}.Debug|Any CPU.Build.0 = Debug|Any CPU
		{61E41C6D-A936-433C-BE36-F6A18268878D}.Release|Any CPU.ActiveCfg = Release|Any CPU
		{61E41C6D-A936-433C-BE36-F6A18268878D}.Release|Any CPU.Build.0 = Release|Any CPU
		{09E7740C-E66C-4FB5-B51D-F519B0639D0E}.Debug|Any CPU.ActiveCfg = Debug|Any CPU
		{09E7740C-E66C-4FB5-B51D-F519B0639D0E}.Debug|Any CPU.Build.0 = Debug|Any CPU
		{09E7740C-E66C-4FB5-B51D-F519B0639D0E}.Release|Any CPU.ActiveCfg = Release|Any CPU
		{09E7740C-E66C-4FB5-B51D-F519B0639D0E}.Release|Any CPU.Build.0 = Release|Any CPU
		{2B084264-515B-A99E-DE6B-3D582F282D90}.Debug|Any CPU.ActiveCfg = Debug|Any CPU
		{2B084264-515B-A99E-DE6B-3D582F282D90}.Debug|Any CPU.Build.0 = Debug|Any CPU
		{2B084264-515B-A99E-DE6B-3D582F282D90}.Debug|Any CPU.Deploy.0 = Debug|Any CPU
		{2B084264-515B-A99E-DE6B-3D582F282D90}.Release|Any CPU.ActiveCfg = Release|Any CPU
		{2B084264-515B-A99E-DE6B-3D582F282D90}.Release|Any CPU.Build.0 = Release|Any CPU
		{2B084264-515B-A99E-DE6B-3D582F282D90}.Release|Any CPU.Deploy.0 = Release|Any CPU
		{704ACBDE-4B6B-48C8-B4C8-2538BF7F7284}.Debug|Any CPU.ActiveCfg = Debug|Any CPU
		{704ACBDE-4B6B-48C8-B4C8-2538BF7F7284}.Debug|Any CPU.Build.0 = Debug|Any CPU
		{704ACBDE-4B6B-48C8-B4C8-2538BF7F7284}.Release|Any CPU.ActiveCfg = Release|Any CPU
		{704ACBDE-4B6B-48C8-B4C8-2538BF7F7284}.Release|Any CPU.Build.0 = Release|Any CPU
		{1F8203D7-9ACF-4987-9AB9-CEF833DC2E44}.Debug|Any CPU.ActiveCfg = Debug|Any CPU
		{1F8203D7-9ACF-4987-9AB9-CEF833DC2E44}.Debug|Any CPU.Build.0 = Debug|Any CPU
		{1F8203D7-9ACF-4987-9AB9-CEF833DC2E44}.Release|Any CPU.ActiveCfg = Release|Any CPU
		{1F8203D7-9ACF-4987-9AB9-CEF833DC2E44}.Release|Any CPU.Build.0 = Release|Any CPU
	EndGlobalSection
	GlobalSection(SolutionProperties) = preSolution
		HideSolutionNode = FALSE
	EndGlobalSection
	GlobalSection(NestedProjects) = preSolution
		{2238D5FE-F5F2-4587-BA19-5205D6EC3682} = {02EA681E-C7D8-13C7-8484-4AC65E1B71E8}
		{61E41C6D-A936-433C-BE36-F6A18268878D} = {02EA681E-C7D8-13C7-8484-4AC65E1B71E8}
		{09E7740C-E66C-4FB5-B51D-F519B0639D0E} = {02EA681E-C7D8-13C7-8484-4AC65E1B71E8}
		{2B084264-515B-A99E-DE6B-3D582F282D90} = {02EA681E-C7D8-13C7-8484-4AC65E1B71E8}
		{704ACBDE-4B6B-48C8-B4C8-2538BF7F7284} = {978A954C-62BE-4A76-8F70-D211CF83E53E}
		{1F8203D7-9ACF-4987-9AB9-CEF833DC2E44} = {978A954C-62BE-4A76-8F70-D211CF83E53E}
	EndGlobalSection
	GlobalSection(ExtensibilityGlobals) = postSolution
		SolutionGuid = {1CF9E85C-2A22-4A27-9606-637E71B1B37B}
	EndGlobalSection
EndGlobal
